
Microsoft Visual Studio Solution File, Format Version 12.00
# Visual Studio Version 16
VisualStudioVersion = 16.0.29409.12
MinimumVisualStudioVersion = 10.0.40219.1
Project("{9A19103F-16F7-4668-BE54-9A1E7A4F7556}") = "WAVE", "WAVE\WAVE.csproj", "{6B97A229-AC40-42B2-A6D4-A28FBC665D94}"
EndProject
Project("{9A19103F-16F7-4668-BE54-9A1E7A4F7556}") = "WAVE.lib", "WAVE.lib\WAVE.lib.csproj", "{EE21763D-8FBE-43CC-B524-B90353E3BC6B}"
EndProject
Project("{9A19103F-16F7-4668-BE54-9A1E7A4F7556}") = "WAVE.UnitTests", "WAVE.UnitTests\WAVE.UnitTests.csproj", "{D644B544-0040-4B44-88F8-814BD2005BC4}"
EndProject
Project("{9A19103F-16F7-4668-BE54-9A1E7A4F7556}") = "WAVE.lib.Windows", "WAVE.lib.Windows\WAVE.lib.Windows.csproj", "{348FC9BA-8D8F-4429-AD73-5BB174748D04}"
EndProject
Project("{9A19103F-16F7-4668-BE54-9A1E7A4F7556}") = "WAVE.lib.Linux", "WAVE.lib.Linux\WAVE.lib.Linux.csproj", "{2EA24867-7F53-443C-86A7-F4D430C916DC}"
EndProject
Project("{9A19103F-16F7-4668-BE54-9A1E7A4F7556}") = "WAVE.lib.MacOS", "WAVE.lib.MacOS\WAVE.lib.MacOS.csproj", "{094BDD71-8534-43F1-B1C8-B5A92E115F9D}"
EndProject
Project("{9A19103F-16F7-4668-BE54-9A1E7A4F7556}") = "WAVE.cmd", "WAVE.cmd\WAVE.cmd.csproj", "{C72C9414-C261-49A5-B9D4-EED52E558011}"
EndProject
Global
	GlobalSection(SolutionConfigurationPlatforms) = preSolution
		Debug|Any CPU = Debug|Any CPU
		Release|Any CPU = Release|Any CPU
	EndGlobalSection
	GlobalSection(ProjectConfigurationPlatforms) = postSolution
		{6B97A229-AC40-42B2-A6D4-A28FBC665D94}.Debug|Any CPU.ActiveCfg = Debug|Any CPU
		{6B97A229-AC40-42B2-A6D4-A28FBC665D94}.Debug|Any CPU.Build.0 = Debug|Any CPU
		{6B97A229-AC40-42B2-A6D4-A28FBC665D94}.Release|Any CPU.ActiveCfg = Release|Any CPU
		{6B97A229-AC40-42B2-A6D4-A28FBC665D94}.Release|Any CPU.Build.0 = Release|Any CPU
		{EE21763D-8FBE-43CC-B524-B90353E3BC6B}.Debug|Any CPU.ActiveCfg = Debug|Any CPU
		{EE21763D-8FBE-43CC-B524-B90353E3BC6B}.Debug|Any CPU.Build.0 = Debug|Any CPU
		{EE21763D-8FBE-43CC-B524-B90353E3BC6B}.Release|Any CPU.ActiveCfg = Release|Any CPU
		{EE21763D-8FBE-43CC-B524-B90353E3BC6B}.Release|Any CPU.Build.0 = Release|Any CPU
		{D644B544-0040-4B44-88F8-814BD2005BC4}.Debug|Any CPU.ActiveCfg = Debug|Any CPU
		{D644B544-0040-4B44-88F8-814BD2005BC4}.Debug|Any CPU.Build.0 = Debug|Any CPU
		{D644B544-0040-4B44-88F8-814BD2005BC4}.Release|Any CPU.ActiveCfg = Release|Any CPU
		{D644B544-0040-4B44-88F8-814BD2005BC4}.Release|Any CPU.Build.0 = Release|Any CPU
		{348FC9BA-8D8F-4429-AD73-5BB174748D04}.Debug|Any CPU.ActiveCfg = Debug|Any CPU
		{348FC9BA-8D8F-4429-AD73-5BB174748D04}.Debug|Any CPU.Build.0 = Debug|Any CPU
		{348FC9BA-8D8F-4429-AD73-5BB174748D04}.Release|Any CPU.ActiveCfg = Release|Any CPU
		{348FC9BA-8D8F-4429-AD73-5BB174748D04}.Release|Any CPU.Build.0 = Release|Any CPU
		{2EA24867-7F53-443C-86A7-F4D430C916DC}.Debug|Any CPU.ActiveCfg = Debug|Any CPU
		{2EA24867-7F53-443C-86A7-F4D430C916DC}.Debug|Any CPU.Build.0 = Debug|Any CPU
		{2EA24867-7F53-443C-86A7-F4D430C916DC}.Release|Any CPU.ActiveCfg = Release|Any CPU
		{2EA24867-7F53-443C-86A7-F4D430C916DC}.Release|Any CPU.Build.0 = Release|Any CPU
		{094BDD71-8534-43F1-B1C8-B5A92E115F9D}.Debug|Any CPU.ActiveCfg = Debug|Any CPU
		{094BDD71-8534-43F1-B1C8-B5A92E115F9D}.Debug|Any CPU.Build.0 = Debug|Any CPU
		{094BDD71-8534-43F1-B1C8-B5A92E115F9D}.Release|Any CPU.ActiveCfg = Release|Any CPU
		{094BDD71-8534-43F1-B1C8-B5A92E115F9D}.Release|Any CPU.Build.0 = Release|Any CPU
		{C72C9414-C261-49A5-B9D4-EED52E558011}.Debug|Any CPU.ActiveCfg = Debug|Any CPU
		{C72C9414-C261-49A5-B9D4-EED52E558011}.Debug|Any CPU.Build.0 = Debug|Any CPU
		{C72C9414-C261-49A5-B9D4-EED52E558011}.Release|Any CPU.ActiveCfg = Release|Any CPU
		{C72C9414-C261-49A5-B9D4-EED52E558011}.Release|Any CPU.Build.0 = Release|Any CPU
	EndGlobalSection
	GlobalSection(SolutionProperties) = preSolution
		HideSolutionNode = FALSE
	EndGlobalSection
	GlobalSection(ExtensibilityGlobals) = postSolution
		SolutionGuid = {01A956B2-C954-4B51-8A66-01576930CA3F}
	EndGlobalSection
EndGlobal
